
Microsoft Visual Studio Solution File, Format Version 12.00
# Visual Studio Version 17
VisualStudioVersion = 17.9.34622.214
MinimumVisualStudioVersion = 10.0.40219.1
Project("{FAE04EC0-301F-11D3-BF4B-00C04F79EFBC}") = "ApiCrudCoreDoctores", "ApiCrudCoreDoctores\ApiCrudCoreDoctores.csproj", "{08CECB3A-FEAA-4AB6-BCFD-BDB40B83BA68}"
EndProject
Global
	GlobalSection(SolutionConfigurationPlatforms) = preSolution
		Debug|Any CPU = Debug|Any CPU
		Release|Any CPU = Release|Any CPU
	EndGlobalSection
	GlobalSection(ProjectConfigurationPlatforms) = postSolution
		{08CECB3A-FEAA-4AB6-BCFD-BDB40B83BA68}.Debug|Any CPU.ActiveCfg = Debug|Any CPU
		{08CECB3A-FEAA-4AB6-BCFD-BDB40B83BA68}.Debug|Any CPU.Build.0 = Debug|Any CPU
		{08CECB3A-FEAA-4AB6-BCFD-BDB40B83BA68}.Release|Any CPU.ActiveCfg = Release|Any CPU
		{08CECB3A-FEAA-4AB6-BCFD-BDB40B83BA68}.Release|Any CPU.Build.0 = Release|Any CPU
	EndGlobalSection
	GlobalSection(SolutionProperties) = preSolution
		HideSolutionNode = FALSE
	EndGlobalSection
	GlobalSection(ExtensibilityGlobals) = postSolution
		SolutionGuid = {5B54456C-3CA4-4051-A422-0AB58880BCE5}
	EndGlobalSection
EndGlobal
